
Microsoft Visual Studio Solution File, Format Version 12.00
# Visual Studio Version 16
VisualStudioVersion = 16.0.30503.244
MinimumVisualStudioVersion = 10.0.40219.1
Project("{FAE04EC0-301F-11D3-BF4B-00C04F79EFBC}") = "EmpWageFinalSolution", "EmpWageFinalSolution.csproj", "{3E2F80B8-3704-4029-93C6-172549359ED1}"
EndProject
Global
	GlobalSection(SolutionConfigurationPlatforms) = preSolution
		Debug|Any CPU = Debug|Any CPU
		Release|Any CPU = Release|Any CPU
	EndGlobalSection
	GlobalSection(ProjectConfigurationPlatforms) = postSolution
		{3E2F80B8-3704-4029-93C6-172549359ED1}.Debug|Any CPU.ActiveCfg = Debug|Any CPU
		{3E2F80B8-3704-4029-93C6-172549359ED1}.Debug|Any CPU.Build.0 = Debug|Any CPU
		{3E2F80B8-3704-4029-93C6-172549359ED1}.Release|Any CPU.ActiveCfg = Release|Any CPU
		{3E2F80B8-3704-4029-93C6-172549359ED1}.Release|Any CPU.Build.0 = Release|Any CPU
	EndGlobalSection
	GlobalSection(SolutionProperties) = preSolution
		HideSolutionNode = FALSE
	EndGlobalSection
	GlobalSection(ExtensibilityGlobals) = postSolution
		SolutionGuid = {E72CDF45-085B-41AD-B6AA-2200EDBC68E1}
	EndGlobalSection
EndGlobal
